{"1.1.0",
[{<<"bcrypt">>,{pkg,<<"bcrypt">>,<<"1.0.2">>},2},
 {<<"erlmon_lib">>,
  {git,"https://github.com/nayibor/erlmon_lib.git",
       {ref,"bfd2d535c5daa1d83f290d66432d4af30c440b19"}},
  0},
 {<<"erlmon_sock">>,
  {git,"https://github.com/nayibor/erlmon_sock.git",
       {ref,"1cf82f5b41171293ab104a4b2c0ffecca0267421"}},
  0},
 {<<"erlmon_worker_pool">>,
  {git,"https://github.com/nayibor/erlmon_worker_pool.git",
       {ref,"9195be0729c9f5cea7f50541e3270bb8dc9d77e6"}},
  0},
 {<<"erlpass">>,
  {git,"git://github.com/ferd/erlpass.git",
       {ref,"95ec569399843fb114dd2437e4a09101272b247d"}},
  1},
 {<<"erlydtl">>,
  {git,"https://github.com/erlydtl/erlydtl.git",
       {ref,"bb1ae0f005dd038bc2a5605465fec6429b3e3a30"}},
  0},
 {<<"gen_smtp">>,
  {git,"https://github.com/Vagabond/gen_smtp.git",
       {ref,"263b29241666f676f7979f7c6b156d8fe1e69f59"}},
  1},
 {<<"gproc">>,
  {git,"https://github.com/uwiger/gproc.git",
       {ref,"ed37980aa895cd3643e101f36cc2c3bdf1daa7fc"}},
  1},
 {<<"iso8583_erl">>,
  {git,"https://github.com/nayibor/iso8583_erl.git",
       {ref,"8f8522c2631253993fbf2597c525d88aee20882b"}},
  1},
 {<<"ranch">>,
  {git,"https://github.com/ninenines/ranch.git",
       {ref,"55c2a9d623454f372a15e99721a37093d8773b48"}},
  1},
 {<<"worker_pool">>,
  {git,"https://github.com/inaka/worker_pool.git",
       {ref,"fc4ae9799588e7922a9d5411dfff728dd9688a07"}},
  1},
 {<<"yapp">>,
  {git,"https://github.com/nayibor/yapp.git",
       {ref,"37e2b2a37edc8121c1bd315697a3536802e7e7ba"}},
  0},
 {<<"yaws">>,
  {git,"https://github.com/klacke/yaws.git",
       {ref,"3df60e25a0caef8592d15ca16db464da0c61972a"}},
  0}]}.
[
{pkg_hash,[
 {<<"bcrypt">>, <<"6735F66D3A7309AF166CE660161009B7D9B9216508B8B2E6A0A9090AF35CB757">>}]}
].
